
Microsoft Visual Studio Solution File, Format Version 12.00
# Visual Studio Version 17
VisualStudioVersion = 17.11.35327.3
MinimumVisualStudioVersion = 10.0.40219.1
Project("{2150E333-8FDC-42A3-9474-1A3956D46DE8}") = "Services", "Services", "{0D0CA49B-B676-4BC8-ADBE-92DC47D44160}"
EndProject
Project("{2150E333-8FDC-42A3-9474-1A3956D46DE8}") = "Catalog", "Catalog", "{7B6856F8-703A-4FB0-97BF-043DDC2D140E}"
EndProject
Project("{FAE04EC0-301F-11D3-BF4B-00C04F79EFBC}") = "Catalog.API", "Services\Catalog\Catalog.API\Catalog.API.csproj", "{EE12E62D-712A-451A-ABA4-3A955A8BB71D}"
EndProject
Global
	GlobalSection(SolutionConfigurationPlatforms) = preSolution
		Debug|Any CPU = Debug|Any CPU
		Release|Any CPU = Release|Any CPU
	EndGlobalSection
	GlobalSection(ProjectConfigurationPlatforms) = postSolution
		{EE12E62D-712A-451A-ABA4-3A955A8BB71D}.Debug|Any CPU.ActiveCfg = Debug|Any CPU
		{EE12E62D-712A-451A-ABA4-3A955A8BB71D}.Debug|Any CPU.Build.0 = Debug|Any CPU
		{EE12E62D-712A-451A-ABA4-3A955A8BB71D}.Release|Any CPU.ActiveCfg = Release|Any CPU
		{EE12E62D-712A-451A-ABA4-3A955A8BB71D}.Release|Any CPU.Build.0 = Release|Any CPU
	EndGlobalSection
	GlobalSection(SolutionProperties) = preSolution
		HideSolutionNode = FALSE
	EndGlobalSection
	GlobalSection(NestedProjects) = preSolution
		{7B6856F8-703A-4FB0-97BF-043DDC2D140E} = {0D0CA49B-B676-4BC8-ADBE-92DC47D44160}
		{EE12E62D-712A-451A-ABA4-3A955A8BB71D} = {7B6856F8-703A-4FB0-97BF-043DDC2D140E}
	EndGlobalSection
	GlobalSection(ExtensibilityGlobals) = postSolution
		SolutionGuid = {F7E0CE96-471B-4779-9145-E0905E4542C6}
	EndGlobalSection
EndGlobal
